// !$*UTF8*$!
{
	archiveVersion = 1;
	classes = {
	};
	objectVersion = 46;
	objects = {

/* Begin PBXBuildFile section */
		CC5327002174608A000397AD /* AppDelegate.swift in Sources */ = {isa = PBXBuildFile; fileRef = CC5326FF2174608A000397AD /* AppDelegate.swift */; };
		CC5327022174608A000397AD /* ViewController.swift in Sources */ = {isa = PBXBuildFile; fileRef = CC5327012174608A000397AD /* ViewController.swift */; };
		CC5327052174608A000397AD /* Main.storyboard in Resources */ = {isa = PBXBuildFile; fileRef = CC5327032174608A000397AD /* Main.storyboard */; };
		CC5327072174608A000397AD /* Assets.xcassets in Resources */ = {isa = PBXBuildFile; fileRef = CC5327062174608A000397AD /* Assets.xcassets */; };
		CC53270A2174608A000397AD /* LaunchScreen.storyboard in Resources */ = {isa = PBXBuildFile; fileRef = CC5327082174608A000397AD /* LaunchScreen.storyboard */; };
/* End PBXBuildFile section */

/* Begin PBXFileReference section */
		CC5326FC2174608A000397AD /* fahme003P07.app */ = {isa = PBXFileReference; explicitFileType = wrapper.application; includeInIndex = 0; path = fahme003P07.app; sourceTree = BUILT_PRODUCTS_DIR; };
		CC5326FF2174608A000397AD /* AppDelegate.swift */ = {isa = PBXFileReference; lastKnownFileType = sourcecode.swift; path = AppDelegate.swift; sourceTree = "<group>"; };
		CC5327012174608A000397AD /* ViewController.swift */ = {isa = PBXFileReference; lastKnownFileType = sourcecode.swift; path = ViewController.swift; sourceTree = "<group>"; };
		CC5327042174608A000397AD /* Base */ = {isa = PBXFileReference; lastKnownFileType = file.storyboard; name = Base; path = Base.lproj/Main.storyboard; sourceTree = "<group>"; };
		CC5327062174608A000397AD /* Assets.xcassets */ = {isa = PBXFileReference; lastKnownFileType = folder.assetcatalog; path = Assets.xcassets; sourceTree = "<group>"; };
		CC5327092174608A000397AD /* Base */ = {isa = PBXFileReference; lastKnownFileType = file.storyboard; name = Base; path = Base.lproj/LaunchScreen.storyboard; sourceTree = "<group>"; };
		CC53270B2174608A000397AD /* Info.plist */ = {isa = PBXFileReference; lastKnownFileType = text.plist.xml; path = Info.plist; sourceTree = "<group>"; };
/* End PBXFileReference section */

/* Begin PBXFrameworksBuildPhase section */
		CC5326F92174608A000397AD /* Frameworks */ = {
			isa = PBXFrameworksBuildPhase;
			buildActionMask = 2147483647;
			files = (
			);
			runOnlyForDeploymentPostprocessing = 0;
		};
/* End PBXFrameworksBuildPhase section */

/* Begin PBXGroup section */
		CC5326F32174608A000397AD = {
			isa = PBXGroup;
			children = (
				CC5326FE2174608A000397AD /* fahme003P07 */,
				CC5326FD2174608A000397AD /* Products */,
			);
			sourceTree = "<group>";
		};
		CC5326FD2174608A000397AD /* Products */ = {
			isa = PBXGroup;
			children = (
				CC5326FC2174608A000397AD /* fahme003P07.app */,
			);
			name = Products;
			sourceTree = "<group>";
		};
		CC5326FE2174608A000397AD /* fahme003P07 */ = {
			isa = PBXGroup;
			children = (
				CC5326FF2174608A000397AD /* AppDelegate.swift */,
				CC5327012174608A000397AD /* ViewController.swift */,
				CC5327032174608A000397AD /* Main.storyboard */,
				CC5327062174608A000397AD /* Assets.xcassets */,
				CC5327082174608A000397AD /* LaunchScreen.storyboard */,
				CC53270B2174608A000397AD /* Info.plist */,
			);
			path = fahme003P07;
			sourceTree = "<group>";
		};
/* End PBXGroup section */

/* Begin PBXNativeTarget section */
		CC5326FB2174608A000397AD /* fahme003P07 */ = {
			isa = PBXNativeTarget;
			buildConfigurationList = CC53270E2174608A000397AD /* Build configuration list for PBXNativeTarget "fahme003P07" */;
			buildPhases = (
				CC5326F82174608A000397AD /* Sources */,
				CC5326F92174608A000397AD /* Frameworks */,
				CC5326FA2174608A000397AD /* Resources */,
			);
			buildRules = (
			);
			dependencies = (
			);
			name = fahme003P07;
			productName = fahme003P07;
			productReference = CC5326FC2174608A000397AD /* fahme003P07.app */;
			productType = "com.apple.product-type.application";
		};
/* End PBXNativeTarget section */

/* Begin PBXProject section */
		CC5326F42174608A000397AD /* Project object */ = {
			isa = PBXProject;
			attributes = {
				LastSwiftUpdateCheck = 0830;
				LastUpgradeCheck = 0830;
				ORGANIZATIONNAME = fahme003P03;
				TargetAttributes = {
					CC5326FB2174608A000397AD = {
						CreatedOnToolsVersion = 8.3.3;
						DevelopmentTeam = 49D44G7GVK;
						ProvisioningStyle = Automatic;
					};
				};
			};
			buildConfigurationList = CC5326F72174608A000397AD /* Build configuration list for PBXProject "fahme003P07" */;
			compatibilityVersion = "Xcode 3.2";
			developmentRegion = English;
			hasScannedForEncodings = 0;
			knownRegions = (
				en,
				Base,
			);
			mainGroup = CC5326F32174608A000397AD;
			productRefGroup = CC5326FD2174608A000397AD /* Products */;
			projectDirPath = "";
			projectRoot = "";
			targets = (
				CC5326FB2174608A000397AD /* fahme003P07 */,
			);
		};
/* End PBXProject section */

/* Begin PBXResourcesBuildPhase section */
		CC5326FA2174608A000397AD /* Resources */ = {
			isa = PBXResourcesBuildPhase;
			buildActionMask = 2147483647;
			files = (
				CC53270A2174608A000397AD /* LaunchScreen.storyboard in Resources */,
				CC5327072174608A000397AD /* Assets.xcassets in Resources */,
				CC5327052174608A000397AD /* Main.storyboard in Resources */,
			);
			runOnlyForDeploymentPostprocessing = 0;
		};
/* End PBXResourcesBuildPhase section */

/* Begin PBXSourcesBuildPhase section */
		CC5326F82174608A000397AD /* Sources */ = {
			isa = PBXSourcesBuildPhase;
			buildActionMask = 2147483647;
			files = (
				CC5327022174608A000397AD /* ViewController.swift in Sources */,
				CC5327002174608A000397AD /* AppDelegate.swift in Sources */,
			);
			runOnlyForDeploymentPostprocessing = 0;
		};
/* End PBXSourcesBuildPhase section */

/* Begin PBXVariantGroup section */
		CC5327032174608A000397AD /* Main.storyboard */ = {
			isa = PBXVariantGroup;
			children = (
				CC5327042174608A000397AD /* Base */,
			);
			name = Main.storyboard;
			sourceTree = "<group>";
		};
		CC5327082174608A000397AD /* LaunchScreen.storyboard */ = {
			isa = PBXVariantGroup;
			children = (
				CC5327092174608A000397AD /* Base */,
			);
			name = LaunchScreen.storyboard;
			sourceTree = "<group>";
		};
/* End PBXVariantGroup section */

/* Begin XCBuildConfiguration section */
		CC53270C2174608A000397AD /* Debug */ = {
			isa = XCBuildConfiguration;
			buildSettings = {
				ALWAYS_SEARCH_USER_PATHS = NO;
				CLANG_ANALYZER_NONNULL = YES;
				CLANG_ANALYZER_NUMBER_OBJECT_CONVERSION = YES_AGGRESSIVE;
				CLANG_CXX_LANGUAGE_STANDARD = "gnu++0x";
				CLANG_CXX_LIBRARY = "libc++";
				CLANG_ENABLE_MODULES = YES;
				CLANG_ENABLE_OBJC_ARC = YES;
				CLANG_WARN_BOOL_CONVERSION = YES;
				CLANG_WARN_CONSTANT_CONVERSION = YES;
				CLANG_WARN_DIRECT_OBJC_ISA_USAGE = YES_ERROR;
				CLANG_WARN_DOCUMENTATION_COMMENTS = YES;
				CLANG_WARN_EMPTY_BODY = YES;
				CLANG_WARN_ENUM_CONVERSION = YES;
				CLANG_WARN_INFINITE_RECURSION = YES;
				CLANG_WARN_INT_CONVERSION = YES;
				CLANG_WARN_OBJC_ROOT_CLASS = YES_ERROR;
				CLANG_WARN_SUSPICIOUS_MOVE = YES;
				CLANG_WARN_UNREACHABLE_CODE = YES;
				CLANG_WARN__DUPLICATE_METHOD_MATCH = YES;
				"CODE_SIGN_IDENTITY[sdk=iphoneos*]" = "iPhone Developer";
				COPY_PHASE_STRIP = NO;
				DEBUG_INFORMATION_FORMAT = dwarf;
				ENABLE_STRICT_OBJC_MSGSEND = YES;
				ENABLE_TESTABILITY = YES;
				GCC_C_LANGUAGE_STANDARD = gnu99;
				GCC_DYNAMIC_NO_PIC = NO;
				GCC_NO_COMMON_BLOCKS = YES;
				GCC_OPTIMIZATION_LEVEL = 0;
				GCC_PREPROCESSOR_DEFINITIONS = (
					"DEBUG=1",
					"$(inherited)",
				);
				GCC_WARN_64_TO_32_BIT_CONVERSION = YES;
				GCC_WARN_ABOUT_RETURN_TYPE = YES_ERROR;
				GCC_WARN_UNDECLARED_SELECTOR = YES;
				GCC_WARN_UNINITIALIZED_AUTOS = YES_AGGRESSIVE;
				GCC_WARN_UNUSED_FUNCTION = YES;
				GCC_WARN_UNUSED_VARIABLE = YES;
				IPHONEOS_DEPLOYMENT_TARGET = 10.3;
				MTL_ENABLE_DEBUG_INFO = YES;
				ONLY_ACTIVE_ARCH = YES;
				SDKROOT = iphoneos;
				SWIFT_ACTIVE_COMPILATION_CONDITIONS = DEBUG;
				SWIFT_OPTIMIZATION_LEVEL = "-Onone";
				TARGETED_DEVICE_FAMILY = "1,2";
			};
			name = Debug;
		};
		CC53270D2174608A000397AD /* Release */ = {
			isa = XCBuildConfiguration;
			buildSettings = {
				ALWAYS_SEARCH_USER_PATHS = NO;
				CLANG_ANALYZER_NONNULL = YES;
				CLANG_ANALYZER_NUMBER_OBJECT_CONVERSION = YES_AGGRESSIVE;
				CLANG_CXX_LANGUAGE_STANDARD = "gnu++0x";
				CLANG_CXX_LIBRARY = "libc++";
				CLANG_ENABLE_MODULES = YES;
				CLANG_ENABLE_OBJC_ARC = YES;
				CLANG_WARN_BOOL_CONVERSION = YES;
				CLANG_WARN_CONSTANT_CONVERSION = YES;
				CLANG_WARN_DIRECT_OBJC_ISA_USAGE = YES_ERROR;
				CLANG_WARN_DOCUMENTATION_COMMENTS = YES;
				CLANG_WARN_EMPTY_BODY = YES;
				CLANG_WARN_ENUM_CONVERSION = YES;
				CLANG_WARN_INFINITE_RECURSION = YES;
				CLANG_WARN_INT_CONVERSION = YES;
				CLANG_WARN_OBJC_ROOT_CLASS = YES_ERROR;
				CLANG_WARN_SUSPICIOUS_MOVE = YES;
				CLANG_WARN_UNREACHABLE_CODE = YES;
				CLANG_WARN__DUPLICATE_METHOD_MATCH = YES;
				"CODE_SIGN_IDENTITY[sdk=iphoneos*]" = "iPhone Developer";
				COPY_PHASE_STRIP = NO;
				DEBUG_INFORMATION_FORMAT = "dwarf-with-dsym";
				ENABLE_NS_ASSERTIONS = NO;
				ENABLE_STRICT_OBJC_MSGSEND = YES;
				GCC_C_LANGUAGE_STANDARD = gnu99;
				GCC_NO_COMMON_BLOCKS = YES;
				GCC_WARN_64_TO_32_BIT_CONVERSION = YES;
				GCC_WARN_ABOUT_RETURN_TYPE = YES_ERROR;
				GCC_WARN_UNDECLARED_SELECTOR = YES;
				GCC_WARN_UNINITIALIZED_AUTOS = YES_AGGRESSIVE;
				GCC_WARN_UNUSED_FUNCTION = YES;
				GCC_WARN_UNUSED_VARIABLE = YES;
				IPHONEOS_DEPLOYMENT_TARGET = 10.3;
				MTL_ENABLE_DEBUG_INFO = NO;
				SDKROOT = iphoneos;
				SWIFT_OPTIMIZATION_LEVEL = "-Owholemodule";
				TARGETED_DEVICE_FAMILY = "1,2";
				VALIDATE_PRODUCT = YES;
			};
			name = Release;
		};
		CC53270F2174608A000397AD /* Debug */ = {
			isa = XCBuildConfiguration;
			buildSettings = {
				ASSETCATALOG_COMPILER_APPICON_NAME = AppIcon;
				DEVELOPMENT_TEAM = 49D44G7GVK;
				INFOPLIST_FILE = fahme003P07/Info.plist;
				LD_RUNPATH_SEARCH_PATHS = "$(inherited) @executable_path/Frameworks";
				PRODUCT_BUNDLE_IDENTIFIER = fahme003P03.fahme003P07;
				PRODUCT_NAME = "$(TARGET_NAME)";
				SWIFT_VERSION = 3.0;
			};
			name = Debug;
		};
		CC5327102174608A000397AD /* Release */ = {
			isa = XCBuildConfiguration;
			buildSettings = {
				ASSETCATALOG_COMPILER_APPICON_NAME = AppIcon;
				DEVELOPMENT_TEAM = 49D44G7GVK;
				INFOPLIST_FILE = fahme003P07/Info.plist;
				LD_RUNPATH_SEARCH_PATHS = "$(inherited) @executable_path/Frameworks";
				PRODUCT_BUNDLE_IDENTIFIER = fahme003P03.fahme003P07;
				PRODUCT_NAME = "$(TARGET_NAME)";
				SWIFT_VERSION = 3.0;
			};
			name = Release;
		};
/* End XCBuildConfiguration section */

/* Begin XCConfigurationList section */
		CC5326F72174608A000397AD /* Build configuration list for PBXProject "fahme003P07" */ = {
			isa = XCConfigurationList;
			buildConfigurations = (
				CC53270C2174608A000397AD /* Debug */,
				CC53270D2174608A000397AD /* Release */,
			);
			defaultConfigurationIsVisible = 0;
			defaultConfigurationName = Release;
		};
		CC53270E2174608A000397AD /* Build configuration list for PBXNativeTarget "fahme003P07" */ = {
			isa = XCConfigurationList;
			buildConfigurations = (
				CC53270F2174608A000397AD /* Debug */,
				CC5327102174608A000397AD /* Release */,
			);
			defaultConfigurationIsVisible = 0;
		};
/* End XCConfigurationList section */
	};
	rootObject = CC5326F42174608A000397AD /* Project object */;
}
